
Microsoft Visual Studio Solution File, Format Version 12.00
# Visual Studio Version 17
VisualStudioVersion = 17.11.35327.3
MinimumVisualStudioVersion = 10.0.40219.1
Project("{FAE04EC0-301F-11D3-BF4B-00C04F79EFBC}") = "Bio.Api", "Bio.Api\Bio.Api.csproj", "{63D9B1CD-01E0-4E49-9640-8E9D14FB86A9}"
EndProject
Project("{FAE04EC0-301F-11D3-BF4B-00C04F79EFBC}") = "Bio.Application", "Bio.Application\Bio.Application.csproj", "{DE890074-C7A2-485D-89F8-5C9AD1007F99}"
EndProject
Project("{FAE04EC0-301F-11D3-BF4B-00C04F79EFBC}") = "Bio.Domain", "Bio.Domain\Bio.Domain.csproj", "{E40A1D82-0E1D-403E-B446-EEF51518790E}"
EndProject
Project("{FAE04EC0-301F-11D3-BF4B-00C04F79EFBC}") = "Bio.Infrastructure", "Bio.Infrastructure\Bio.Infrastructure.csproj", "{C3D4E862-F26D-4191-9706-DD8A76A2B985}"
EndProject
Global
	GlobalSection(SolutionConfigurationPlatforms) = preSolution
		Debug|Any CPU = Debug|Any CPU
		Release|Any CPU = Release|Any CPU
	EndGlobalSection
	GlobalSection(ProjectConfigurationPlatforms) = postSolution
		{63D9B1CD-01E0-4E49-9640-8E9D14FB86A9}.Debug|Any CPU.ActiveCfg = Debug|Any CPU
		{63D9B1CD-01E0-4E49-9640-8E9D14FB86A9}.Debug|Any CPU.Build.0 = Debug|Any CPU
		{63D9B1CD-01E0-4E49-9640-8E9D14FB86A9}.Release|Any CPU.ActiveCfg = Release|Any CPU
		{63D9B1CD-01E0-4E49-9640-8E9D14FB86A9}.Release|Any CPU.Build.0 = Release|Any CPU
		{DE890074-C7A2-485D-89F8-5C9AD1007F99}.Debug|Any CPU.ActiveCfg = Debug|Any CPU
		{DE890074-C7A2-485D-89F8-5C9AD1007F99}.Debug|Any CPU.Build.0 = Debug|Any CPU
		{DE890074-C7A2-485D-89F8-5C9AD1007F99}.Release|Any CPU.ActiveCfg = Release|Any CPU
		{DE890074-C7A2-485D-89F8-5C9AD1007F99}.Release|Any CPU.Build.0 = Release|Any CPU
		{E40A1D82-0E1D-403E-B446-EEF51518790E}.Debug|Any CPU.ActiveCfg = Debug|Any CPU
		{E40A1D82-0E1D-403E-B446-EEF51518790E}.Debug|Any CPU.Build.0 = Debug|Any CPU
		{E40A1D82-0E1D-403E-B446-EEF51518790E}.Release|Any CPU.ActiveCfg = Release|Any CPU
		{E40A1D82-0E1D-403E-B446-EEF51518790E}.Release|Any CPU.Build.0 = Release|Any CPU
		{C3D4E862-F26D-4191-9706-DD8A76A2B985}.Debug|Any CPU.ActiveCfg = Debug|Any CPU
		{C3D4E862-F26D-4191-9706-DD8A76A2B985}.Debug|Any CPU.Build.0 = Debug|Any CPU
		{C3D4E862-F26D-4191-9706-DD8A76A2B985}.Release|Any CPU.ActiveCfg = Release|Any CPU
		{C3D4E862-F26D-4191-9706-DD8A76A2B985}.Release|Any CPU.Build.0 = Release|Any CPU
	EndGlobalSection
	GlobalSection(SolutionProperties) = preSolution
		HideSolutionNode = FALSE
	EndGlobalSection
	GlobalSection(ExtensibilityGlobals) = postSolution
		SolutionGuid = {7D179D7B-5680-4D38-A4FA-F83D5CF64DB4}
	EndGlobalSection
EndGlobal
